<?xml version="1.0" encoding="utf-8"?>
<Project ToolsVersion="4.0" xmlns="http://schemas.microsoft.com/developer/msbuild/2003">
  <ItemGroup>
    <Filter Include="Source Files">
      <UniqueIdentifier>{4FC737F1-C7A5-4376-A066-2A32D752A2FF}</UniqueIdentifier>
      <Extensions>cpp;c;cc;cxx;def;odl;idl;hpj;bat;asm;asmx</Extensions>
    </Filter>
    <Filter Include="Resource Files">
      <UniqueIdentifier>{67DA6AB6-F800-4c08-8B7A-83BB121AAD01}</UniqueIdentifier>
      <Extensions>rc;ico;cur;bmp;dlg;rc2;rct;bin;rgs;gif;jpg;jpeg;jpe;resx;tiff;tif;png;wav;mfcribbon-ms</Extensions>
    </Filter>
  </ItemGroup>
  <ItemGroup>
    <ClInclude Include="..\trunk\src\AppState.h">
      <Filter>Source Files</Filter>
    </ClInclude>
    <ClInclude Include="..\trunk\src\BINGenerator.h">
      <Filter>Source Files</Filter>
    </ClInclude>
    <ClInclude Include="..\trunk\src\BINReader.h">
      <Filter>Source Files</Filter>
    </ClInclude>
    <ClInclude Include="..\trunk\src\BINRouting.h">
      <Filter>Source Files</Filter>
    </ClInclude>
    <ClInclude Include="..\trunk\src\BINTree.h">
      <Filter>Source Files</Filter>
    </ClInclude>
    <ClInclude Include="..\trunk\src\BINTreeNode.h">
      <Filter>Source Files</Filter>
    </ClInclude>
    <ClInclude Include="..\trunk\src\Buttons.h">
      <Filter>Source Files</Filter>
    </ClInclude>
    <ClInclude Include="..\trunk\src\ConfReader.h">
      <Filter>Source Files</Filter>
    </ClInclude>
    <ClInclude Include="..\trunk\src\Control.h">
      <Filter>Source Files</Filter>
    </ClInclude>
    <ClInclude Include="..\trunk\src\ControlField.h">
      <Filter>Source Files</Filter>
    </ClInclude>
    <ClInclude Include="..\trunk\src\EventType.h">
      <Filter>Source Files</Filter>
    </ClInclude>
    <ClInclude Include="..\trunk\src\Experiments.h">
      <Filter>Source Files</Filter>
    </ClInclude>
    <ClInclude Include="..\trunk\src\Filter.h">
      <Filter>Source Files</Filter>
    </ClInclude>
    <ClInclude Include="..\trunk\src\Fuzzy.h">
      <Filter>Source Files</Filter>
    </ClInclude>
    <ClInclude Include="..\trunk\src\FuzzyCalculator.h">
      <Filter>Source Files</Filter>
    </ClInclude>
    <ClInclude Include="..\trunk\src\FuzzyConfReader.h">
      <Filter>Source Files</Filter>
    </ClInclude>
    <ClInclude Include="..\trunk\src\FuzzyInput.h">
      <Filter>Source Files</Filter>
    </ClInclude>
    <ClInclude Include="..\trunk\src\FuzzyLanguageParser.h">
      <Filter>Source Files</Filter>
    </ClInclude>
    <ClInclude Include="..\trunk\src\FuzzyReasoner.h">
      <Filter>Source Files</Filter>
    </ClInclude>
    <ClInclude Include="..\trunk\src\FuzzyRule.h">
      <Filter>Source Files</Filter>
    </ClInclude>
    <ClInclude Include="..\trunk\src\FuzzyRuleToken.h">
      <Filter>Source Files</Filter>
    </ClInclude>
    <ClInclude Include="..\trunk\src\Generator.h">
      <Filter>Source Files</Filter>
    </ClInclude>
    <ClInclude Include="..\trunk\src\GeneratorManager.h">
      <Filter>Source Files</Filter>
    </ClInclude>
    <ClInclude Include="..\trunk\src\Handler.h">
      <Filter>Source Files</Filter>
    </ClInclude>
    <ClInclude Include="..\trunk\src\LinguisticValue.h">
      <Filter>Source Files</Filter>
    </ClInclude>
    <ClInclude Include="..\trunk\src\LinguisticVariable.h">
      <Filter>Source Files</Filter>
    </ClInclude>
    <ClInclude Include="..\trunk\src\Logger.h">
      <Filter>Source Files</Filter>
    </ClInclude>
    <ClInclude Include="..\trunk\src\LogType.h">
      <Filter>Source Files</Filter>
    </ClInclude>
    <ClInclude Include="..\trunk\src\MainScreen.h">
      <Filter>Source Files</Filter>
    </ClInclude>
    <ClInclude Include="..\trunk\src\MyApp.h">
      <Filter>Source Files</Filter>
    </ClInclude>
    <ClInclude Include="..\trunk\src\Node.h">
      <Filter>Source Files</Filter>
    </ClInclude>
    <ClInclude Include="..\trunk\src\ObjectType.h">
      <Filter>Source Files</Filter>
    </ClInclude>
    <ClInclude Include="..\trunk\src\Observer.h">
      <Filter>Source Files</Filter>
    </ClInclude>
    <ClInclude Include="..\trunk\src\PetriNetManager.h">
      <Filter>Source Files</Filter>
    </ClInclude>
    <ClInclude Include="..\trunk\src\Place.h">
      <Filter>Source Files</Filter>
    </ClInclude>
    <ClInclude Include="..\trunk\src\PNFactory.h">
      <Filter>Source Files</Filter>
    </ClInclude>
    <ClInclude Include="..\trunk\src\Report.h">
      <Filter>Source Files</Filter>
    </ClInclude>
    <ClInclude Include="..\trunk\src\ReportField.h">
      <Filter>Source Files</Filter>
    </ClInclude>
    <ClInclude Include="..\trunk\src\Routing.h">
      <Filter>Source Files</Filter>
    </ClInclude>
    <ClInclude Include="..\trunk\src\SimConfReader.h">
      <Filter>Source Files</Filter>
    </ClInclude>
    <ClInclude Include="..\trunk\src\SimTime.h">
      <Filter>Source Files</Filter>
    </ClInclude>
    <ClInclude Include="..\trunk\src\SimulationManager.h">
      <Filter>Source Files</Filter>
    </ClInclude>
    <ClInclude Include="..\trunk\src\SimulationOutput.h">
      <Filter>Source Files</Filter>
    </ClInclude>
    <ClInclude Include="..\trunk\src\Singleton.h">
      <Filter>Source Files</Filter>
    </ClInclude>
    <ClInclude Include="..\trunk\src\SingletonValue.h">
      <Filter>Source Files</Filter>
    </ClInclude>
    <ClInclude Include="..\trunk\src\SinkNode.h">
      <Filter>Source Files</Filter>
    </ClInclude>
    <ClInclude Include="..\trunk\src\SourceNode.h">
      <Filter>Source Files</Filter>
    </ClInclude>
    <ClInclude Include="..\trunk\src\Statistics.h">
      <Filter>Source Files</Filter>
    </ClInclude>
    <ClInclude Include="..\trunk\src\stdafx.h">
      <Filter>Source Files</Filter>
    </ClInclude>
    <ClInclude Include="..\trunk\src\stopWatch.h">
      <Filter>Source Files</Filter>
    </ClInclude>
    <ClInclude Include="..\trunk\src\targetver.h">
      <Filter>Source Files</Filter>
    </ClInclude>
    <ClInclude Include="..\trunk\src\tchar.h">
      <Filter>Source Files</Filter>
    </ClInclude>
    <ClInclude Include="..\trunk\src\Thread.h">
      <Filter>Source Files</Filter>
    </ClInclude>
    <ClInclude Include="..\trunk\src\Times.h">
      <Filter>Source Files</Filter>
    </ClInclude>
    <ClInclude Include="..\trunk\src\Token.h">
      <Filter>Source Files</Filter>
    </ClInclude>
    <ClInclude Include="..\trunk\src\Transition.h">
      <Filter>Source Files</Filter>
    </ClInclude>
    <ClInclude Include="..\trunk\src\TrapezoidValue.h">
      <Filter>Source Files</Filter>
    </ClInclude>
  </ItemGroup>
  <ItemGroup>
    <ClCompile Include="..\trunk\src\BINGenerator.cpp">
      <Filter>Source Files</Filter>
    </ClCompile>
    <ClCompile Include="..\trunk\src\BINReader.cpp">
      <Filter>Source Files</Filter>
    </ClCompile>
    <ClCompile Include="..\trunk\src\BINRouting.cpp">
      <Filter>Source Files</Filter>
    </ClCompile>
    <ClCompile Include="..\trunk\src\BINTree.cpp">
      <Filter>Source Files</Filter>
    </ClCompile>
    <ClCompile Include="..\trunk\src\BINTreeNode.cpp">
      <Filter>Source Files</Filter>
    </ClCompile>
    <ClCompile Include="..\trunk\src\Buttons.cpp">
      <Filter>Source Files</Filter>
    </ClCompile>
    <ClCompile Include="..\trunk\src\ConfReader.cpp">
      <Filter>Source Files</Filter>
    </ClCompile>
    <ClCompile Include="..\trunk\src\Control.cpp">
      <Filter>Source Files</Filter>
    </ClCompile>
    <ClCompile Include="..\trunk\src\ControlField.cpp">
      <Filter>Source Files</Filter>
    </ClCompile>
    <ClCompile Include="..\trunk\src\Experiments.cpp">
      <Filter>Source Files</Filter>
    </ClCompile>
    <ClCompile Include="..\trunk\src\Filter.cpp">
      <Filter>Source Files</Filter>
    </ClCompile>
    <ClCompile Include="..\trunk\src\Fuzzy.cpp">
      <Filter>Source Files</Filter>
    </ClCompile>
    <ClCompile Include="..\trunk\src\FuzzyCalculator.cpp">
      <Filter>Source Files</Filter>
    </ClCompile>
    <ClCompile Include="..\trunk\src\FuzzyConfReader.cpp">
      <Filter>Source Files</Filter>
    </ClCompile>
    <ClCompile Include="..\trunk\src\FuzzyInput.cpp">
      <Filter>Source Files</Filter>
    </ClCompile>
    <ClCompile Include="..\trunk\src\FuzzyLanguageParser.cpp">
      <Filter>Source Files</Filter>
    </ClCompile>
    <ClCompile Include="..\trunk\src\FuzzyReasoner.cpp">
      <Filter>Source Files</Filter>
    </ClCompile>
    <ClCompile Include="..\trunk\src\FuzzyRule.cpp">
      <Filter>Source Files</Filter>
    </ClCompile>
    <ClCompile Include="..\trunk\src\FuzzyRuleToken.cpp">
      <Filter>Source Files</Filter>
    </ClCompile>
    <ClCompile Include="..\trunk\src\Generator.cpp">
      <Filter>Source Files</Filter>
    </ClCompile>
    <ClCompile Include="..\trunk\src\GeneratorManager.cpp">
      <Filter>Source Files</Filter>
    </ClCompile>
    <ClCompile Include="..\trunk\src\Handler.cpp">
      <Filter>Source Files</Filter>
    </ClCompile>
    <ClCompile Include="..\trunk\src\LinguisticValue.cpp">
      <Filter>Source Files</Filter>
    </ClCompile>
    <ClCompile Include="..\trunk\src\LinguisticVariable.cpp">
      <Filter>Source Files</Filter>
    </ClCompile>
    <ClCompile Include="..\trunk\src\Logger.cpp">
      <Filter>Source Files</Filter>
    </ClCompile>
    <ClCompile Include="..\trunk\src\MainScreen.cpp">
      <Filter>Source Files</Filter>
    </ClCompile>
    <ClCompile Include="..\trunk\src\MyApp.cpp">
      <Filter>Source Files</Filter>
    </ClCompile>
    <ClCompile Include="..\trunk\src\Node.cpp">
      <Filter>Source Files</Filter>
    </ClCompile>
    <ClCompile Include="..\trunk\src\Observer.cpp">
      <Filter>Source Files</Filter>
    </ClCompile>
    <ClCompile Include="..\trunk\src\PetriNetManager.cpp">
      <Filter>Source Files</Filter>
    </ClCompile>
    <ClCompile Include="..\trunk\src\Place.cpp">
      <Filter>Source Files</Filter>
    </ClCompile>
    <ClCompile Include="..\trunk\src\PNFactory.cpp">
      <Filter>Source Files</Filter>
    </ClCompile>
    <ClCompile Include="..\trunk\src\Report.cpp">
      <Filter>Source Files</Filter>
    </ClCompile>
    <ClCompile Include="..\trunk\src\ReportField.cpp">
      <Filter>Source Files</Filter>
    </ClCompile>
    <ClCompile Include="..\trunk\src\Routing.cpp">
      <Filter>Source Files</Filter>
    </ClCompile>
    <ClCompile Include="..\trunk\src\SimConfReader.cpp">
      <Filter>Source Files</Filter>
    </ClCompile>
    <ClCompile Include="..\trunk\src\SimTime.cpp">
      <Filter>Source Files</Filter>
    </ClCompile>
    <ClCompile Include="..\trunk\src\SimulationManager.cpp">
      <Filter>Source Files</Filter>
    </ClCompile>
    <ClCompile Include="..\trunk\src\SimulationOutput.cpp">
      <Filter>Source Files</Filter>
    </ClCompile>
    <ClCompile Include="..\trunk\src\Singleton.cpp">
      <Filter>Source Files</Filter>
    </ClCompile>
    <ClCompile Include="..\trunk\src\SingletonValue.cpp">
      <Filter>Source Files</Filter>
    </ClCompile>
    <ClCompile Include="..\trunk\src\SinkNode.cpp">
      <Filter>Source Files</Filter>
    </ClCompile>
    <ClCompile Include="..\trunk\src\SourceNode.cpp">
      <Filter>Source Files</Filter>
    </ClCompile>
    <ClCompile Include="..\trunk\src\Statistics.cpp">
      <Filter>Source Files</Filter>
    </ClCompile>
    <ClCompile Include="..\trunk\src\stdafx.cpp">
      <Filter>Source Files</Filter>
    </ClCompile>
    <ClCompile Include="..\trunk\src\stopWatch.cpp">
      <Filter>Source Files</Filter>
    </ClCompile>
    <ClCompile Include="..\trunk\src\Thread.cpp">
      <Filter>Source Files</Filter>
    </ClCompile>
    <ClCompile Include="..\trunk\src\Times.cpp">
      <Filter>Source Files</Filter>
    </ClCompile>
    <ClCompile Include="..\trunk\src\Token.cpp">
      <Filter>Source Files</Filter>
    </ClCompile>
    <ClCompile Include="..\trunk\src\Transition.cpp">
      <Filter>Source Files</Filter>
    </ClCompile>
    <ClCompile Include="..\trunk\src\TrapezoidValue.cpp">
      <Filter>Source Files</Filter>
    </ClCompile>
  </ItemGroup>
</Project>